// !$*UTF8*$!
{
	archiveVersion = 1;
	classes = {
	};
	objectVersion = 50;
	objects = {

/* Begin PBXBuildFile section */
		685EB7252090C5FA00C6E80E /* AppDelegate.swift in Sources */ = {isa = PBXBuildFile; fileRef = 685EB7242090C5FA00C6E80E /* AppDelegate.swift */; };
		685EB7272090C5FA00C6E80E /* ViewController.swift in Sources */ = {isa = PBXBuildFile; fileRef = 685EB7262090C5FA00C6E80E /* ViewController.swift */; };
		685EB72C2090C5FB00C6E80E /* Assets.xcassets in Resources */ = {isa = PBXBuildFile; fileRef = 685EB72B2090C5FB00C6E80E /* Assets.xcassets */; };
		685EB72F2090C5FB00C6E80E /* LaunchScreen.storyboard in Resources */ = {isa = PBXBuildFile; fileRef = 685EB72D2090C5FB00C6E80E /* LaunchScreen.storyboard */; };
		685EB73D2090C70500C6E80E /* UIView.swift in Sources */ = {isa = PBXBuildFile; fileRef = 685EB73C2090C70500C6E80E /* UIView.swift */; };
		685EB7472090D8C000C6E80E /* Kanna.framework in Frameworks */ = {isa = PBXBuildFile; fileRef = 685EB7462090D8C000C6E80E /* Kanna.framework */; };
		685EB7492090DD3600C6E80E /* ScrapingView.swift in Sources */ = {isa = PBXBuildFile; fileRef = 685EB7482090DD3600C6E80E /* ScrapingView.swift */; };
		685EB74B2090DE4100C6E80E /* Weather.swift in Sources */ = {isa = PBXBuildFile; fileRef = 685EB74A2090DE4100C6E80E /* Weather.swift */; };
		685EB74E2090DEC200C6E80E /* WeatherTableViewCell.xib in Resources */ = {isa = PBXBuildFile; fileRef = 685EB74D2090DEC200C6E80E /* WeatherTableViewCell.xib */; };
		685EB7502090DED500C6E80E /* WeatherTableViewCell.swift in Sources */ = {isa = PBXBuildFile; fileRef = 685EB74F2090DED500C6E80E /* WeatherTableViewCell.swift */; };
/* End PBXBuildFile section */

/* Begin PBXFileReference section */
		685EB7212090C5FA00C6E80E /* WeatherScraping.app */ = {isa = PBXFileReference; explicitFileType = wrapper.application; includeInIndex = 0; path = WeatherScraping.app; sourceTree = BUILT_PRODUCTS_DIR; };
		685EB7242090C5FA00C6E80E /* AppDelegate.swift */ = {isa = PBXFileReference; lastKnownFileType = sourcecode.swift; path = AppDelegate.swift; sourceTree = "<group>"; };
		685EB7262090C5FA00C6E80E /* ViewController.swift */ = {isa = PBXFileReference; lastKnownFileType = sourcecode.swift; path = ViewController.swift; sourceTree = "<group>"; };
		685EB72B2090C5FB00C6E80E /* Assets.xcassets */ = {isa = PBXFileReference; lastKnownFileType = folder.assetcatalog; path = Assets.xcassets; sourceTree = "<group>"; };
		685EB72E2090C5FB00C6E80E /* Base */ = {isa = PBXFileReference; lastKnownFileType = file.storyboard; name = Base; path = Base.lproj/LaunchScreen.storyboard; sourceTree = "<group>"; };
		685EB7302090C5FB00C6E80E /* Info.plist */ = {isa = PBXFileReference; lastKnownFileType = text.plist.xml; path = Info.plist; sourceTree = "<group>"; };
		685EB73C2090C70500C6E80E /* UIView.swift */ = {isa = PBXFileReference; lastKnownFileType = sourcecode.swift; path = UIView.swift; sourceTree = "<group>"; };
		685EB7462090D8C000C6E80E /* Kanna.framework */ = {isa = PBXFileReference; lastKnownFileType = wrapper.framework; name = Kanna.framework; path = Carthage/Build/iOS/Kanna.framework; sourceTree = "<group>"; };
		685EB7482090DD3600C6E80E /* ScrapingView.swift */ = {isa = PBXFileReference; lastKnownFileType = sourcecode.swift; path = ScrapingView.swift; sourceTree = "<group>"; };
		685EB74A2090DE4100C6E80E /* Weather.swift */ = {isa = PBXFileReference; lastKnownFileType = sourcecode.swift; path = Weather.swift; sourceTree = "<group>"; };
		685EB74D2090DEC200C6E80E /* WeatherTableViewCell.xib */ = {isa = PBXFileReference; lastKnownFileType = file.xib; path = WeatherTableViewCell.xib; sourceTree = "<group>"; };
		685EB74F2090DED500C6E80E /* WeatherTableViewCell.swift */ = {isa = PBXFileReference; lastKnownFileType = sourcecode.swift; path = WeatherTableViewCell.swift; sourceTree = "<group>"; };
/* End PBXFileReference section */

/* Begin PBXFrameworksBuildPhase section */
		685EB71E2090C5FA00C6E80E /* Frameworks */ = {
			isa = PBXFrameworksBuildPhase;
			buildActionMask = 2147483647;
			files = (
				685EB7472090D8C000C6E80E /* Kanna.framework in Frameworks */,
			);
			runOnlyForDeploymentPostprocessing = 0;
		};
/* End PBXFrameworksBuildPhase section */

/* Begin PBXGroup section */
		685EB7182090C5FA00C6E80E = {
			isa = PBXGroup;
			children = (
				685EB7232090C5FA00C6E80E /* WeatherScraping */,
				685EB7222090C5FA00C6E80E /* Products */,
				685EB7422090CE9900C6E80E /* Frameworks */,
			);
			sourceTree = "<group>";
		};
		685EB7222090C5FA00C6E80E /* Products */ = {
			isa = PBXGroup;
			children = (
				685EB7212090C5FA00C6E80E /* WeatherScraping.app */,
			);
			name = Products;
			sourceTree = "<group>";
		};
		685EB7232090C5FA00C6E80E /* WeatherScraping */ = {
			isa = PBXGroup;
			children = (
				685EB7372090C67E00C6E80E /* Resources */,
				685EB7362090C67700C6E80E /* Classes */,
				685EB7302090C5FB00C6E80E /* Info.plist */,
			);
			path = WeatherScraping;
			sourceTree = "<group>";
		};
		685EB7362090C67700C6E80E /* Classes */ = {
			isa = PBXGroup;
			children = (
				685EB7242090C5FA00C6E80E /* AppDelegate.swift */,
				685EB73B2090C6B100C6E80E /* Models */,
				685EB73A2090C6A800C6E80E /* Veiws */,
				685EB7392090C6A200C6E80E /* Controllers */,
				685EB7382090C69A00C6E80E /* Extensions */,
			);
			path = Classes;
			sourceTree = "<group>";
		};
		685EB7372090C67E00C6E80E /* Resources */ = {
			isa = PBXGroup;
			children = (
				685EB72B2090C5FB00C6E80E /* Assets.xcassets */,
				685EB72D2090C5FB00C6E80E /* LaunchScreen.storyboard */,
			);
			path = Resources;
			sourceTree = "<group>";
		};
		685EB7382090C69A00C6E80E /* Extensions */ = {
			isa = PBXGroup;
			children = (
				685EB73C2090C70500C6E80E /* UIView.swift */,
			);
			path = Extensions;
			sourceTree = "<group>";
		};
		685EB7392090C6A200C6E80E /* Controllers */ = {
			isa = PBXGroup;
			children = (
				685EB7262090C5FA00C6E80E /* ViewController.swift */,
			);
			path = Controllers;
			sourceTree = "<group>";
		};
		685EB73A2090C6A800C6E80E /* Veiws */ = {
			isa = PBXGroup;
			children = (
				685EB74C2090DEAA00C6E80E /* Cells */,
				685EB7482090DD3600C6E80E /* ScrapingView.swift */,
			);
			path = Veiws;
			sourceTree = "<group>";
		};
		685EB73B2090C6B100C6E80E /* Models */ = {
			isa = PBXGroup;
			children = (
				685EB74A2090DE4100C6E80E /* Weather.swift */,
			);
			path = Models;
			sourceTree = "<group>";
		};
		685EB7422090CE9900C6E80E /* Frameworks */ = {
			isa = PBXGroup;
			children = (
				685EB7462090D8C000C6E80E /* Kanna.framework */,
			);
			name = Frameworks;
			sourceTree = "<group>";
		};
		685EB74C2090DEAA00C6E80E /* Cells */ = {
			isa = PBXGroup;
			children = (
				685EB74D2090DEC200C6E80E /* WeatherTableViewCell.xib */,
				685EB74F2090DED500C6E80E /* WeatherTableViewCell.swift */,
			);
			path = Cells;
			sourceTree = "<group>";
		};
/* End PBXGroup section */

/* Begin PBXNativeTarget section */
		685EB7202090C5FA00C6E80E /* WeatherScraping */ = {
			isa = PBXNativeTarget;
			buildConfigurationList = 685EB7332090C5FB00C6E80E /* Build configuration list for PBXNativeTarget "WeatherScraping" */;
			buildPhases = (
				685EB71D2090C5FA00C6E80E /* Sources */,
				685EB71E2090C5FA00C6E80E /* Frameworks */,
				685EB71F2090C5FA00C6E80E /* Resources */,
				685EB7442090CE9E00C6E80E /* ShellScript */,
			);
			buildRules = (
			);
			dependencies = (
			);
			name = WeatherScraping;
			productName = WeatherScraping;
			productReference = 685EB7212090C5FA00C6E80E /* WeatherScraping.app */;
			productType = "com.apple.product-type.application";
		};
/* End PBXNativeTarget section */

/* Begin PBXProject section */
		685EB7192090C5FA00C6E80E /* Project object */ = {
			isa = PBXProject;
			attributes = {
				LastSwiftUpdateCheck = 0930;
				LastUpgradeCheck = 0930;
				ORGANIZATIONNAME = "Masataka Miyoshi";
				TargetAttributes = {
					685EB7202090C5FA00C6E80E = {
						CreatedOnToolsVersion = 9.3;
					};
				};
			};
			buildConfigurationList = 685EB71C2090C5FA00C6E80E /* Build configuration list for PBXProject "WeatherScraping" */;
			compatibilityVersion = "Xcode 9.3";
			developmentRegion = en;
			hasScannedForEncodings = 0;
			knownRegions = (
				en,
				Base,
			);
			mainGroup = 685EB7182090C5FA00C6E80E;
			productRefGroup = 685EB7222090C5FA00C6E80E /* Products */;
			projectDirPath = "";
			projectRoot = "";
			targets = (
				685EB7202090C5FA00C6E80E /* WeatherScraping */,
			);
		};
/* End PBXProject section */

/* Begin PBXResourcesBuildPhase section */
		685EB71F2090C5FA00C6E80E /* Resources */ = {
			isa = PBXResourcesBuildPhase;
			buildActionMask = 2147483647;
			files = (
				685EB72F2090C5FB00C6E80E /* LaunchScreen.storyboard in Resources */,
				685EB74E2090DEC200C6E80E /* WeatherTableViewCell.xib in Resources */,
				685EB72C2090C5FB00C6E80E /* Assets.xcassets in Resources */,
			);
			runOnlyForDeploymentPostprocessing = 0;
		};
/* End PBXResourcesBuildPhase section */

/* Begin PBXShellScriptBuildPhase section */
		685EB7442090CE9E00C6E80E /* ShellScript */ = {
			isa = PBXShellScriptBuildPhase;
			buildActionMask = 2147483647;
			files = (
			);
			inputPaths = (
				"$(SRCROOT)/Carthage/Build/iOS/Kanna.framework",
			);
			outputPaths = (
			);
			runOnlyForDeploymentPostprocessing = 0;
			shellPath = /bin/sh;
			shellScript = "/usr/local/bin/carthage copy-frameworks";
		};
/* End PBXShellScriptBuildPhase section */

/* Begin PBXSourcesBuildPhase section */
		685EB71D2090C5FA00C6E80E /* Sources */ = {
			isa = PBXSourcesBuildPhase;
			buildActionMask = 2147483647;
			files = (
				685EB7502090DED500C6E80E /* WeatherTableViewCell.swift in Sources */,
				685EB7272090C5FA00C6E80E /* ViewController.swift in Sources */,
				685EB73D2090C70500C6E80E /* UIView.swift in Sources */,
				685EB7252090C5FA00C6E80E /* AppDelegate.swift in Sources */,
				685EB7492090DD3600C6E80E /* ScrapingView.swift in Sources */,
				685EB74B2090DE4100C6E80E /* Weather.swift in Sources */,
			);
			runOnlyForDeploymentPostprocessing = 0;
		};
/* End PBXSourcesBuildPhase section */

/* Begin PBXVariantGroup section */
		685EB72D2090C5FB00C6E80E /* LaunchScreen.storyboard */ = {
			isa = PBXVariantGroup;
			children = (
				685EB72E2090C5FB00C6E80E /* Base */,
			);
			name = LaunchScreen.storyboard;
			sourceTree = "<group>";
		};
/* End PBXVariantGroup section */

/* Begin XCBuildConfiguration section */
		685EB7312090C5FB00C6E80E /* Debug */ = {
			isa = XCBuildConfiguration;
			buildSettings = {
				ALWAYS_SEARCH_USER_PATHS = NO;
				CLANG_ANALYZER_NONNULL = YES;
				CLANG_ANALYZER_NUMBER_OBJECT_CONVERSION = YES_AGGRESSIVE;
				CLANG_CXX_LANGUAGE_STANDARD = "gnu++14";
				CLANG_CXX_LIBRARY = "libc++";
				CLANG_ENABLE_MODULES = YES;
				CLANG_ENABLE_OBJC_ARC = YES;
				CLANG_ENABLE_OBJC_WEAK = YES;
				CLANG_WARN_BLOCK_CAPTURE_AUTORELEASING = YES;
				CLANG_WARN_BOOL_CONVERSION = YES;
				CLANG_WARN_COMMA = YES;
				CLANG_WARN_CONSTANT_CONVERSION = YES;
				CLANG_WARN_DEPRECATED_OBJC_IMPLEMENTATIONS = YES;
				CLANG_WARN_DIRECT_OBJC_ISA_USAGE = YES_ERROR;
				CLANG_WARN_DOCUMENTATION_COMMENTS = YES;
				CLANG_WARN_EMPTY_BODY = YES;
				CLANG_WARN_ENUM_CONVERSION = YES;
				CLANG_WARN_INFINITE_RECURSION = YES;
				CLANG_WARN_INT_CONVERSION = YES;
				CLANG_WARN_NON_LITERAL_NULL_CONVERSION = YES;
				CLANG_WARN_OBJC_IMPLICIT_RETAIN_SELF = YES;
				CLANG_WARN_OBJC_LITERAL_CONVERSION = YES;
				CLANG_WARN_OBJC_ROOT_CLASS = YES_ERROR;
				CLANG_WARN_RANGE_LOOP_ANALYSIS = YES;
				CLANG_WARN_STRICT_PROTOTYPES = YES;
				CLANG_WARN_SUSPICIOUS_MOVE = YES;
				CLANG_WARN_UNGUARDED_AVAILABILITY = YES_AGGRESSIVE;
				CLANG_WARN_UNREACHABLE_CODE = YES;
				CLANG_WARN__DUPLICATE_METHOD_MATCH = YES;
				CODE_SIGN_IDENTITY = "iPhone Developer";
				COPY_PHASE_STRIP = NO;
				DEBUG_INFORMATION_FORMAT = dwarf;
				ENABLE_STRICT_OBJC_MSGSEND = YES;
				ENABLE_TESTABILITY = YES;
				GCC_C_LANGUAGE_STANDARD = gnu11;
				GCC_DYNAMIC_NO_PIC = NO;
				GCC_NO_COMMON_BLOCKS = YES;
				GCC_OPTIMIZATION_LEVEL = 0;
				GCC_PREPROCESSOR_DEFINITIONS = (
					"DEBUG=1",
					"$(inherited)",
				);
				GCC_WARN_64_TO_32_BIT_CONVERSION = YES;
				GCC_WARN_ABOUT_RETURN_TYPE = YES_ERROR;
				GCC_WARN_UNDECLARED_SELECTOR = YES;
				GCC_WARN_UNINITIALIZED_AUTOS = YES_AGGRESSIVE;
				GCC_WARN_UNUSED_FUNCTION = YES;
				GCC_WARN_UNUSED_VARIABLE = YES;
				IPHONEOS_DEPLOYMENT_TARGET = 11.0;
				MTL_ENABLE_DEBUG_INFO = YES;
				ONLY_ACTIVE_ARCH = YES;
				SDKROOT = iphoneos;
				SWIFT_ACTIVE_COMPILATION_CONDITIONS = DEBUG;
				SWIFT_OPTIMIZATION_LEVEL = "-Onone";
			};
			name = Debug;
		};
		685EB7322090C5FB00C6E80E /* Release */ = {
			isa = XCBuildConfiguration;
			buildSettings = {
				ALWAYS_SEARCH_USER_PATHS = NO;
				CLANG_ANALYZER_NONNULL = YES;
				CLANG_ANALYZER_NUMBER_OBJECT_CONVERSION = YES_AGGRESSIVE;
				CLANG_CXX_LANGUAGE_STANDARD = "gnu++14";
				CLANG_CXX_LIBRARY = "libc++";
				CLANG_ENABLE_MODULES = YES;
				CLANG_ENABLE_OBJC_ARC = YES;
				CLANG_ENABLE_OBJC_WEAK = YES;
				CLANG_WARN_BLOCK_CAPTURE_AUTORELEASING = YES;
				CLANG_WARN_BOOL_CONVERSION = YES;
				CLANG_WARN_COMMA = YES;
				CLANG_WARN_CONSTANT_CONVERSION = YES;
				CLANG_WARN_DEPRECATED_OBJC_IMPLEMENTATIONS = YES;
				CLANG_WARN_DIRECT_OBJC_ISA_USAGE = YES_ERROR;
				CLANG_WARN_DOCUMENTATION_COMMENTS = YES;
				CLANG_WARN_EMPTY_BODY = YES;
				CLANG_WARN_ENUM_CONVERSION = YES;
				CLANG_WARN_INFINITE_RECURSION = YES;
				CLANG_WARN_INT_CONVERSION = YES;
				CLANG_WARN_NON_LITERAL_NULL_CONVERSION = YES;
				CLANG_WARN_OBJC_IMPLICIT_RETAIN_SELF = YES;
				CLANG_WARN_OBJC_LITERAL_CONVERSION = YES;
				CLANG_WARN_OBJC_ROOT_CLASS = YES_ERROR;
				CLANG_WARN_RANGE_LOOP_ANALYSIS = YES;
				CLANG_WARN_STRICT_PROTOTYPES = YES;
				CLANG_WARN_SUSPICIOUS_MOVE = YES;
				CLANG_WARN_UNGUARDED_AVAILABILITY = YES_AGGRESSIVE;
				CLANG_WARN_UNREACHABLE_CODE = YES;
				CLANG_WARN__DUPLICATE_METHOD_MATCH = YES;
				CODE_SIGN_IDENTITY = "iPhone Developer";
				COPY_PHASE_STRIP = NO;
				DEBUG_INFORMATION_FORMAT = "dwarf-with-dsym";
				ENABLE_NS_ASSERTIONS = NO;
				ENABLE_STRICT_OBJC_MSGSEND = YES;
				GCC_C_LANGUAGE_STANDARD = gnu11;
				GCC_NO_COMMON_BLOCKS = YES;
				GCC_WARN_64_TO_32_BIT_CONVERSION = YES;
				GCC_WARN_ABOUT_RETURN_TYPE = YES_ERROR;
				GCC_WARN_UNDECLARED_SELECTOR = YES;
				GCC_WARN_UNINITIALIZED_AUTOS = YES_AGGRESSIVE;
				GCC_WARN_UNUSED_FUNCTION = YES;
				GCC_WARN_UNUSED_VARIABLE = YES;
				IPHONEOS_DEPLOYMENT_TARGET = 11.0;
				MTL_ENABLE_DEBUG_INFO = NO;
				SDKROOT = iphoneos;
				SWIFT_COMPILATION_MODE = wholemodule;
				SWIFT_OPTIMIZATION_LEVEL = "-O";
				VALIDATE_PRODUCT = YES;
			};
			name = Release;
		};
		685EB7342090C5FB00C6E80E /* Debug */ = {
			isa = XCBuildConfiguration;
			buildSettings = {
				ASSETCATALOG_COMPILER_APPICON_NAME = AppIcon;
				CODE_SIGN_STYLE = Automatic;
				DEVELOPMENT_TEAM = WDFA67X5D5;
				FRAMEWORK_SEARCH_PATHS = (
					"$(inherited)",
					"$(PROJECT_DIR)/Carthage/Build/iOS",
				);
				HEADER_SEARCH_PATHS = "$(SDKROOT)/usr/include/libxml2";
				INFOPLIST_FILE = WeatherScraping/Info.plist;
				IPHONEOS_DEPLOYMENT_TARGET = 11.0;
				LD_RUNPATH_SEARCH_PATHS = (
					"$(inherited)",
					"@executable_path/Frameworks",
				);
				PRODUCT_BUNDLE_IDENTIFIER = jp.mstk.WeatherScraping;
				PRODUCT_NAME = "$(TARGET_NAME)";
				SWIFT_INCLUDE_PATHS = "$(SRCROOT)/Modules";
				SWIFT_VERSION = 4.0;
				TARGETED_DEVICE_FAMILY = 1;
			};
			name = Debug;
		};
		685EB7352090C5FB00C6E80E /* Release */ = {
			isa = XCBuildConfiguration;
			buildSettings = {
				ASSETCATALOG_COMPILER_APPICON_NAME = AppIcon;
				CODE_SIGN_STYLE = Automatic;
				DEVELOPMENT_TEAM = WDFA67X5D5;
				FRAMEWORK_SEARCH_PATHS = (
					"$(inherited)",
					"$(PROJECT_DIR)/Carthage/Build/iOS",
				);
				HEADER_SEARCH_PATHS = "$(SDKROOT)/usr/include/libxml2";
				INFOPLIST_FILE = WeatherScraping/Info.plist;
				IPHONEOS_DEPLOYMENT_TARGET = 11.0;
				LD_RUNPATH_SEARCH_PATHS = (
					"$(inherited)",
					"@executable_path/Frameworks",
				);
				PRODUCT_BUNDLE_IDENTIFIER = jp.mstk.WeatherScraping;
				PRODUCT_NAME = "$(TARGET_NAME)";
				SWIFT_INCLUDE_PATHS = "$(SRCROOT)/Modules";
				SWIFT_VERSION = 4.0;
				TARGETED_DEVICE_FAMILY = 1;
			};
			name = Release;
		};
/* End XCBuildConfiguration section */

/* Begin XCConfigurationList section */
		685EB71C2090C5FA00C6E80E /* Build configuration list for PBXProject "WeatherScraping" */ = {
			isa = XCConfigurationList;
			buildConfigurations = (
				685EB7312090C5FB00C6E80E /* Debug */,
				685EB7322090C5FB00C6E80E /* Release */,
			);
			defaultConfigurationIsVisible = 0;
			defaultConfigurationName = Release;
		};
		685EB7332090C5FB00C6E80E /* Build configuration list for PBXNativeTarget "WeatherScraping" */ = {
			isa = XCConfigurationList;
			buildConfigurations = (
				685EB7342090C5FB00C6E80E /* Debug */,
				685EB7352090C5FB00C6E80E /* Release */,
			);
			defaultConfigurationIsVisible = 0;
			defaultConfigurationName = Release;
		};
/* End XCConfigurationList section */
	};
	rootObject = 685EB7192090C5FA00C6E80E /* Project object */;
}
